{
  "name": "vgxness-workspace",
  "lockfileVersion": 3,
  "requires": true,
  "packages": {
    "": {
      "name": "vgxness-workspace",
      "workspaces": [
        "packages/*"
      ]
    },
    "packages/pi": {
      "name": "@vgxness/pi",
      "version": "0.1.0",
      "engines": {
        "node": ">=22.19.0"
      },
      "peerDependencies": {
        "@earendil-works/pi-coding-agent": "^0.84.4",
        "typebox": "1.3.7"
      }
    }
  }
}
