{
  "name": "vgxness-workspace",
  "lockfileVersion": 3,
  "requires": true,
  "packages": {
    "": {
      "name": "vgxness-workspace",
      "workspaces": [
        "packages/*"
      ]
    },
    "packages/pi": {
      "name": "@vgxness/pi",
      "version": "0.1.0",
      "engines": {
        "node": ">=22.19.0"
      },
      "optionalDependencies": {
        "@vgxness/pi-backend-darwin-arm64": "0.1.0",
        "@vgxness/pi-backend-darwin-x64": "0.1.0",
        "@vgxness/pi-backend-linux-arm64": "0.1.0",
        "@vgxness/pi-backend-linux-x64": "0.1.0",
        "@vgxness/pi-backend-win32-arm64": "0.1.0",
        "@vgxness/pi-backend-win32-x64": "0.1.0"
      }
    }
  }
}
